
Microsoft Visual Studio Solution File, Format Version 12.00
# Visual Studio Version 16
VisualStudioVersion = 16.0.30907.101
MinimumVisualStudioVersion = 10.0.40219.1
Project("{FAE04EC0-301F-11D3-BF4B-00C04F79EFBC}") = "DataAccess", "DataAccess\DataAccess.csproj", "{A3A692BD-AD92-4F69-87D2-C3F7D158A079}"
EndProject
Project("{FAE04EC0-301F-11D3-BF4B-00C04F79EFBC}") = "Business", "Business\Business.csproj", "{3D42D615-99F9-4FF9-99A7-99EA4FB48B19}"
EndProject
Project("{FAE04EC0-301F-11D3-BF4B-00C04F79EFBC}") = "Entities", "Entities\Entities.csproj", "{6A491FCC-7B81-4185-AC9C-AD75F0537243}"
EndProject
Project("{FAE04EC0-301F-11D3-BF4B-00C04F79EFBC}") = "ConsoleUI", "ConsoleUI\ConsoleUI.csproj", "{23134B7D-13CC-4275-9DC4-8A5AE7177321}"
EndProject
Global
	GlobalSection(SolutionConfigurationPlatforms) = preSolution
		Debug|Any CPU = Debug|Any CPU
		Release|Any CPU = Release|Any CPU
	EndGlobalSection
	GlobalSection(ProjectConfigurationPlatforms) = postSolution
		{A3A692BD-AD92-4F69-87D2-C3F7D158A079}.Debug|Any CPU.ActiveCfg = Debug|Any CPU
		{A3A692BD-AD92-4F69-87D2-C3F7D158A079}.Debug|Any CPU.Build.0 = Debug|Any CPU
		{A3A692BD-AD92-4F69-87D2-C3F7D158A079}.Release|Any CPU.ActiveCfg = Release|Any CPU
		{A3A692BD-AD92-4F69-87D2-C3F7D158A079}.Release|Any CPU.Build.0 = Release|Any CPU
		{3D42D615-99F9-4FF9-99A7-99EA4FB48B19}.Debug|Any CPU.ActiveCfg = Debug|Any CPU
		{3D42D615-99F9-4FF9-99A7-99EA4FB48B19}.Debug|Any CPU.Build.0 = Debug|Any CPU
		{3D42D615-99F9-4FF9-99A7-99EA4FB48B19}.Release|Any CPU.ActiveCfg = Release|Any CPU
		{3D42D615-99F9-4FF9-99A7-99EA4FB48B19}.Release|Any CPU.Build.0 = Release|Any CPU
		{6A491FCC-7B81-4185-AC9C-AD75F0537243}.Debug|Any CPU.ActiveCfg = Debug|Any CPU
		{6A491FCC-7B81-4185-AC9C-AD75F0537243}.Debug|Any CPU.Build.0 = Debug|Any CPU
		{6A491FCC-7B81-4185-AC9C-AD75F0537243}.Release|Any CPU.ActiveCfg = Release|Any CPU
		{6A491FCC-7B81-4185-AC9C-AD75F0537243}.Release|Any CPU.Build.0 = Release|Any CPU
		{23134B7D-13CC-4275-9DC4-8A5AE7177321}.Debug|Any CPU.ActiveCfg = Debug|Any CPU
		{23134B7D-13CC-4275-9DC4-8A5AE7177321}.Debug|Any CPU.Build.0 = Debug|Any CPU
		{23134B7D-13CC-4275-9DC4-8A5AE7177321}.Release|Any CPU.ActiveCfg = Release|Any CPU
		{23134B7D-13CC-4275-9DC4-8A5AE7177321}.Release|Any CPU.Build.0 = Release|Any CPU
	EndGlobalSection
	GlobalSection(SolutionProperties) = preSolution
		HideSolutionNode = FALSE
	EndGlobalSection
	GlobalSection(ExtensibilityGlobals) = postSolution
		SolutionGuid = {D1D080AB-EDF0-41C3-BD71-6DB6ACCA43A9}
	EndGlobalSection
EndGlobal
